
Microsoft Visual Studio Solution File, Format Version 12.00
# Visual Studio 15
VisualStudioVersion = 15.0.28010.2026
MinimumVisualStudioVersion = 10.0.40219.1
Project("{FAE04EC0-301F-11D3-BF4B-00C04F79EFBC}") = "04_cykly (a vyjimky)", "04_cykly (a vyjimky)\04_cykly (a vyjimky).csproj", "{5A935FD6-06CB-4FE9-869C-506F8C9AABCA}"
EndProject
Global
	GlobalSection(SolutionConfigurationPlatforms) = preSolution
		Debug|Any CPU = Debug|Any CPU
		Release|Any CPU = Release|Any CPU
	EndGlobalSection
	GlobalSection(ProjectConfigurationPlatforms) = postSolution
		{5A935FD6-06CB-4FE9-869C-506F8C9AABCA}.Debug|Any CPU.ActiveCfg = Debug|Any CPU
		{5A935FD6-06CB-4FE9-869C-506F8C9AABCA}.Debug|Any CPU.Build.0 = Debug|Any CPU
		{5A935FD6-06CB-4FE9-869C-506F8C9AABCA}.Release|Any CPU.ActiveCfg = Release|Any CPU
		{5A935FD6-06CB-4FE9-869C-506F8C9AABCA}.Release|Any CPU.Build.0 = Release|Any CPU
	EndGlobalSection
	GlobalSection(SolutionProperties) = preSolution
		HideSolutionNode = FALSE
	EndGlobalSection
	GlobalSection(ExtensibilityGlobals) = postSolution
		SolutionGuid = {DFBE2734-087A-404B-874B-0C0A31965298}
	EndGlobalSection
EndGlobal
